// !$*UTF8*$!
{
	archiveVersion = 1;
	classes = {
	};
	objectVersion = 56;
	objects = {

/* Begin PBXBuildFile section */
		672C7C2B2BD8DD2700263A70 /* InterestsView.swift in Sources */ = {isa = PBXBuildFile; fileRef = 672C7C2A2BD8DD2700263A70 /* InterestsView.swift */; };
		672C7C2D2BD8E09800263A70 /* Intereses.swift in Sources */ = {isa = PBXBuildFile; fileRef = 672C7C2C2BD8E09800263A70 /* Intereses.swift */; };
		673A1F5E2BD8872400717520 /* StartUpView.swift in Sources */ = {isa = PBXBuildFile; fileRef = 673A1F5D2BD8872400717520 /* StartUpView.swift */; };
		673A1F662BD88D6300717520 /* InputTextView.swift in Sources */ = {isa = PBXBuildFile; fileRef = 673A1F652BD88D6300717520 /* InputTextView.swift */; };
		673A1F692BD8921D00717520 /* FirebaseAnalytics in Frameworks */ = {isa = PBXBuildFile; productRef = 673A1F682BD8921D00717520 /* FirebaseAnalytics */; };
		673A1F6B2BD8921D00717520 /* FirebaseAnalyticsSwift in Frameworks */ = {isa = PBXBuildFile; productRef = 673A1F6A2BD8921D00717520 /* FirebaseAnalyticsSwift */; };
		673A1F6D2BD8921D00717520 /* FirebaseAuth in Frameworks */ = {isa = PBXBuildFile; productRef = 673A1F6C2BD8921D00717520 /* FirebaseAuth */; };
		673A1F6F2BD8921D00717520 /* FirebaseFirestore in Frameworks */ = {isa = PBXBuildFile; productRef = 673A1F6E2BD8921D00717520 /* FirebaseFirestore */; };
		673A1F712BD8921D00717520 /* FirebaseFirestoreSwift in Frameworks */ = {isa = PBXBuildFile; productRef = 673A1F702BD8921D00717520 /* FirebaseFirestoreSwift */; };
		673A1F732BD8921D00717520 /* FirebaseStorage in Frameworks */ = {isa = PBXBuildFile; productRef = 673A1F722BD8921D00717520 /* FirebaseStorage */; };
		673A1F752BD8921D00717520 /* FirebaseStorageCombine-Community in Frameworks */ = {isa = PBXBuildFile; productRef = 673A1F742BD8921D00717520 /* FirebaseStorageCombine-Community */; };
		673A1F782BD893DB00717520 /* AuthenticationView.swift in Sources */ = {isa = PBXBuildFile; fileRef = 673A1F772BD893DB00717520 /* AuthenticationView.swift */; };
		673A1F7E2BD894DD00717520 /* GoogleSignIn in Frameworks */ = {isa = PBXBuildFile; productRef = 673A1F7D2BD894DD00717520 /* GoogleSignIn */; };
		673A1F802BD894DD00717520 /* GoogleSignInSwift in Frameworks */ = {isa = PBXBuildFile; productRef = 673A1F7F2BD894DD00717520 /* GoogleSignInSwift */; };
		673A1F822BD8951300717520 /* SignInEmailView.swift in Sources */ = {isa = PBXBuildFile; fileRef = 673A1F812BD8951300717520 /* SignInEmailView.swift */; };
		673A1F842BD8951F00717520 /* LogInEmail.swift in Sources */ = {isa = PBXBuildFile; fileRef = 673A1F832BD8951F00717520 /* LogInEmail.swift */; };
		673A1F862BD8953E00717520 /* AuthenticationManager.swift in Sources */ = {isa = PBXBuildFile; fileRef = 673A1F852BD8953E00717520 /* AuthenticationManager.swift */; };
		673A1F882BD8957B00717520 /* AuthenticationViewModel.swift in Sources */ = {isa = PBXBuildFile; fileRef = 673A1F872BD8957B00717520 /* AuthenticationViewModel.swift */; };
		673A1F8A2BD895CF00717520 /* SignInAppleHelper.swift in Sources */ = {isa = PBXBuildFile; fileRef = 673A1F892BD895CF00717520 /* SignInAppleHelper.swift */; };
		673A1F8C2BD895F600717520 /* SignInGoogle.swift in Sources */ = {isa = PBXBuildFile; fileRef = 673A1F8B2BD895F600717520 /* SignInGoogle.swift */; };
		673A1F8E2BD8961300717520 /* Utilities.swift in Sources */ = {isa = PBXBuildFile; fileRef = 673A1F8D2BD8961300717520 /* Utilities.swift */; };
		673A1F902BD8964B00717520 /* UserManager.swift in Sources */ = {isa = PBXBuildFile; fileRef = 673A1F8F2BD8964B00717520 /* UserManager.swift */; };
		673A1F922BD8967900717520 /* AllUsersViewModel.swift in Sources */ = {isa = PBXBuildFile; fileRef = 673A1F912BD8967900717520 /* AllUsersViewModel.swift */; };
		673A1F962BD8999300717520 /* GoogleService-Info.plist in Resources */ = {isa = PBXBuildFile; fileRef = 673A1F952BD8999300717520 /* GoogleService-Info.plist */; };
		673A1F992BD89CEB00717520 /* CreateEmpView.swift in Sources */ = {isa = PBXBuildFile; fileRef = 673A1F982BD89CEB00717520 /* CreateEmpView.swift */; };
		673A1F9B2BD89D1600717520 /* UpperInputTextView.swift in Sources */ = {isa = PBXBuildFile; fileRef = 673A1F9A2BD89D1600717520 /* UpperInputTextView.swift */; };
		673A1F9D2BD89D5900717520 /* HomeView.swift in Sources */ = {isa = PBXBuildFile; fileRef = 673A1F9C2BD89D5900717520 /* HomeView.swift */; };
		673A1F9F2BD89DC000717520 /* RootView.swift in Sources */ = {isa = PBXBuildFile; fileRef = 673A1F9E2BD89DC000717520 /* RootView.swift */; };
		673A1FA22BD89E5F00717520 /* SettingsViewModel.swift in Sources */ = {isa = PBXBuildFile; fileRef = 673A1FA12BD89E5F00717520 /* SettingsViewModel.swift */; };
		673A1FA42BD89E8300717520 /* SettingsView.swift in Sources */ = {isa = PBXBuildFile; fileRef = 673A1FA32BD89E8300717520 /* SettingsView.swift */; };
		673A1FA62BD8A99600717520 /* HomeScreenView.swift in Sources */ = {isa = PBXBuildFile; fileRef = 673A1FA52BD8A99600717520 /* HomeScreenView.swift */; };
		673A1FA82BD8ADEB00717520 /* AddInfoViewModel.swift in Sources */ = {isa = PBXBuildFile; fileRef = 673A1FA72BD8ADEB00717520 /* AddInfoViewModel.swift */; };
		673A1FAA2BD8BD7E00717520 /* FormularioTarjeta.swift in Sources */ = {isa = PBXBuildFile; fileRef = 673A1FA92BD8BD7E00717520 /* FormularioTarjeta.swift */; };
		673A1FAC2BD8C40600717520 /* StartUpTabView.swift in Sources */ = {isa = PBXBuildFile; fileRef = 673A1FAB2BD8C40600717520 /* StartUpTabView.swift */; };
		67AB92222BD884BA00836D55 /* Coppel_ProjectApp.swift in Sources */ = {isa = PBXBuildFile; fileRef = 67AB92212BD884BA00836D55 /* Coppel_ProjectApp.swift */; };
		67AB92242BD884BA00836D55 /* ContentView.swift in Sources */ = {isa = PBXBuildFile; fileRef = 67AB92232BD884BA00836D55 /* ContentView.swift */; };
		67AB92262BD884BE00836D55 /* Assets.xcassets in Resources */ = {isa = PBXBuildFile; fileRef = 67AB92252BD884BE00836D55 /* Assets.xcassets */; };
		67AB92292BD884BE00836D55 /* Preview Assets.xcassets in Resources */ = {isa = PBXBuildFile; fileRef = 67AB92282BD884BE00836D55 /* Preview Assets.xcassets */; };
		67AB92332BD884BE00836D55 /* Coppel_ProjectTests.swift in Sources */ = {isa = PBXBuildFile; fileRef = 67AB92322BD884BE00836D55 /* Coppel_ProjectTests.swift */; };
		67AB923D2BD884BE00836D55 /* Coppel_ProjectUITests.swift in Sources */ = {isa = PBXBuildFile; fileRef = 67AB923C2BD884BE00836D55 /* Coppel_ProjectUITests.swift */; };
		67AB923F2BD884BE00836D55 /* Coppel_ProjectUITestsLaunchTests.swift in Sources */ = {isa = PBXBuildFile; fileRef = 67AB923E2BD884BE00836D55 /* Coppel_ProjectUITestsLaunchTests.swift */; };
/* End PBXBuildFile section */

/* Begin PBXContainerItemProxy section */
		67AB922F2BD884BE00836D55 /* PBXContainerItemProxy */ = {
			isa = PBXContainerItemProxy;
			containerPortal = 67AB92162BD884BA00836D55 /* Project object */;
			proxyType = 1;
			remoteGlobalIDString = 67AB921D2BD884BA00836D55;
			remoteInfo = Coppel_Project;
		};
		67AB92392BD884BE00836D55 /* PBXContainerItemProxy */ = {
			isa = PBXContainerItemProxy;
			containerPortal = 67AB92162BD884BA00836D55 /* Project object */;
			proxyType = 1;
			remoteGlobalIDString = 67AB921D2BD884BA00836D55;
			remoteInfo = Coppel_Project;
		};
/* End PBXContainerItemProxy section */

/* Begin PBXFileReference section */
		672C7C2A2BD8DD2700263A70 /* InterestsView.swift */ = {isa = PBXFileReference; fileEncoding = 4; lastKnownFileType = sourcecode.swift; path = InterestsView.swift; sourceTree = "<group>"; };
		672C7C2C2BD8E09800263A70 /* Intereses.swift */ = {isa = PBXFileReference; fileEncoding = 4; lastKnownFileType = sourcecode.swift; path = Intereses.swift; sourceTree = "<group>"; };
		673A1F5D2BD8872400717520 /* StartUpView.swift */ = {isa = PBXFileReference; lastKnownFileType = sourcecode.swift; path = StartUpView.swift; sourceTree = "<group>"; };
		673A1F652BD88D6300717520 /* InputTextView.swift */ = {isa = PBXFileReference; fileEncoding = 4; lastKnownFileType = sourcecode.swift; path = InputTextView.swift; sourceTree = "<group>"; };
		673A1F772BD893DB00717520 /* AuthenticationView.swift */ = {isa = PBXFileReference; lastKnownFileType = sourcecode.swift; path = AuthenticationView.swift; sourceTree = "<group>"; };
		673A1F812BD8951300717520 /* SignInEmailView.swift */ = {isa = PBXFileReference; lastKnownFileType = sourcecode.swift; path = SignInEmailView.swift; sourceTree = "<group>"; };
		673A1F832BD8951F00717520 /* LogInEmail.swift */ = {isa = PBXFileReference; lastKnownFileType = sourcecode.swift; path = LogInEmail.swift; sourceTree = "<group>"; };
		673A1F852BD8953E00717520 /* AuthenticationManager.swift */ = {isa = PBXFileReference; lastKnownFileType = sourcecode.swift; path = AuthenticationManager.swift; sourceTree = "<group>"; };
		673A1F872BD8957B00717520 /* AuthenticationViewModel.swift */ = {isa = PBXFileReference; lastKnownFileType = sourcecode.swift; path = AuthenticationViewModel.swift; sourceTree = "<group>"; };
		673A1F892BD895CF00717520 /* SignInAppleHelper.swift */ = {isa = PBXFileReference; lastKnownFileType = sourcecode.swift; path = SignInAppleHelper.swift; sourceTree = "<group>"; };
		673A1F8B2BD895F600717520 /* SignInGoogle.swift */ = {isa = PBXFileReference; lastKnownFileType = sourcecode.swift; path = SignInGoogle.swift; sourceTree = "<group>"; };
		673A1F8D2BD8961300717520 /* Utilities.swift */ = {isa = PBXFileReference; lastKnownFileType = sourcecode.swift; path = Utilities.swift; sourceTree = "<group>"; };
		673A1F8F2BD8964B00717520 /* UserManager.swift */ = {isa = PBXFileReference; lastKnownFileType = sourcecode.swift; path = UserManager.swift; sourceTree = "<group>"; };
		673A1F912BD8967900717520 /* AllUsersViewModel.swift */ = {isa = PBXFileReference; lastKnownFileType = sourcecode.swift; path = AllUsersViewModel.swift; sourceTree = "<group>"; };
		673A1F952BD8999300717520 /* GoogleService-Info.plist */ = {isa = PBXFileReference; fileEncoding = 4; lastKnownFileType = text.plist.xml; name = "GoogleService-Info.plist"; path = "../../GoogleService-Info.plist"; sourceTree = "<group>"; };
		673A1F982BD89CEB00717520 /* CreateEmpView.swift */ = {isa = PBXFileReference; lastKnownFileType = sourcecode.swift; path = CreateEmpView.swift; sourceTree = "<group>"; };
		673A1F9A2BD89D1600717520 /* UpperInputTextView.swift */ = {isa = PBXFileReference; lastKnownFileType = sourcecode.swift; path = UpperInputTextView.swift; sourceTree = "<group>"; };
		673A1F9C2BD89D5900717520 /* HomeView.swift */ = {isa = PBXFileReference; lastKnownFileType = sourcecode.swift; path = HomeView.swift; sourceTree = "<group>"; };
		673A1F9E2BD89DC000717520 /* RootView.swift */ = {isa = PBXFileReference; lastKnownFileType = sourcecode.swift; path = RootView.swift; sourceTree = "<group>"; };
		673A1FA12BD89E5F00717520 /* SettingsViewModel.swift */ = {isa = PBXFileReference; lastKnownFileType = sourcecode.swift; path = SettingsViewModel.swift; sourceTree = "<group>"; };
		673A1FA32BD89E8300717520 /* SettingsView.swift */ = {isa = PBXFileReference; lastKnownFileType = sourcecode.swift; path = SettingsView.swift; sourceTree = "<group>"; };
		673A1FA52BD8A99600717520 /* HomeScreenView.swift */ = {isa = PBXFileReference; lastKnownFileType = sourcecode.swift; path = HomeScreenView.swift; sourceTree = "<group>"; };
		673A1FA72BD8ADEB00717520 /* AddInfoViewModel.swift */ = {isa = PBXFileReference; lastKnownFileType = sourcecode.swift; path = AddInfoViewModel.swift; sourceTree = "<group>"; };
		673A1FA92BD8BD7E00717520 /* FormularioTarjeta.swift */ = {isa = PBXFileReference; lastKnownFileType = sourcecode.swift; path = FormularioTarjeta.swift; sourceTree = "<group>"; };
		673A1FAB2BD8C40600717520 /* StartUpTabView.swift */ = {isa = PBXFileReference; lastKnownFileType = sourcecode.swift; path = StartUpTabView.swift; sourceTree = "<group>"; };
		67AB921E2BD884BA00836D55 /* Coppel_Project.app */ = {isa = PBXFileReference; explicitFileType = wrapper.application; includeInIndex = 0; path = Coppel_Project.app; sourceTree = BUILT_PRODUCTS_DIR; };
		67AB92212BD884BA00836D55 /* Coppel_ProjectApp.swift */ = {isa = PBXFileReference; lastKnownFileType = sourcecode.swift; path = Coppel_ProjectApp.swift; sourceTree = "<group>"; };
		67AB92232BD884BA00836D55 /* ContentView.swift */ = {isa = PBXFileReference; lastKnownFileType = sourcecode.swift; path = ContentView.swift; sourceTree = "<group>"; };
		67AB92252BD884BE00836D55 /* Assets.xcassets */ = {isa = PBXFileReference; lastKnownFileType = folder.assetcatalog; path = Assets.xcassets; sourceTree = "<group>"; };
		67AB92282BD884BE00836D55 /* Preview Assets.xcassets */ = {isa = PBXFileReference; lastKnownFileType = folder.assetcatalog; path = "Preview Assets.xcassets"; sourceTree = "<group>"; };
		67AB922E2BD884BE00836D55 /* Coppel_ProjectTests.xctest */ = {isa = PBXFileReference; explicitFileType = wrapper.cfbundle; includeInIndex = 0; path = Coppel_ProjectTests.xctest; sourceTree = BUILT_PRODUCTS_DIR; };
		67AB92322BD884BE00836D55 /* Coppel_ProjectTests.swift */ = {isa = PBXFileReference; lastKnownFileType = sourcecode.swift; path = Coppel_ProjectTests.swift; sourceTree = "<group>"; };
		67AB92382BD884BE00836D55 /* Coppel_ProjectUITests.xctest */ = {isa = PBXFileReference; explicitFileType = wrapper.cfbundle; includeInIndex = 0; path = Coppel_ProjectUITests.xctest; sourceTree = BUILT_PRODUCTS_DIR; };
		67AB923C2BD884BE00836D55 /* Coppel_ProjectUITests.swift */ = {isa = PBXFileReference; lastKnownFileType = sourcecode.swift; path = Coppel_ProjectUITests.swift; sourceTree = "<group>"; };
		67AB923E2BD884BE00836D55 /* Coppel_ProjectUITestsLaunchTests.swift */ = {isa = PBXFileReference; lastKnownFileType = sourcecode.swift; path = Coppel_ProjectUITestsLaunchTests.swift; sourceTree = "<group>"; };
/* End PBXFileReference section */

/* Begin PBXFrameworksBuildPhase section */
		67AB921B2BD884BA00836D55 /* Frameworks */ = {
			isa = PBXFrameworksBuildPhase;
			buildActionMask = 2147483647;
			files = (
				673A1F802BD894DD00717520 /* GoogleSignInSwift in Frameworks */,
				673A1F712BD8921D00717520 /* FirebaseFirestoreSwift in Frameworks */,
				673A1F7E2BD894DD00717520 /* GoogleSignIn in Frameworks */,
				673A1F752BD8921D00717520 /* FirebaseStorageCombine-Community in Frameworks */,
				673A1F6B2BD8921D00717520 /* FirebaseAnalyticsSwift in Frameworks */,
				673A1F6F2BD8921D00717520 /* FirebaseFirestore in Frameworks */,
				673A1F6D2BD8921D00717520 /* FirebaseAuth in Frameworks */,
				673A1F692BD8921D00717520 /* FirebaseAnalytics in Frameworks */,
				673A1F732BD8921D00717520 /* FirebaseStorage in Frameworks */,
			);
			runOnlyForDeploymentPostprocessing = 0;
		};
		67AB922B2BD884BE00836D55 /* Frameworks */ = {
			isa = PBXFrameworksBuildPhase;
			buildActionMask = 2147483647;
			files = (
			);
			runOnlyForDeploymentPostprocessing = 0;
		};
		67AB92352BD884BE00836D55 /* Frameworks */ = {
			isa = PBXFrameworksBuildPhase;
			buildActionMask = 2147483647;
			files = (
			);
			runOnlyForDeploymentPostprocessing = 0;
		};
/* End PBXFrameworksBuildPhase section */

/* Begin PBXGroup section */
		672C7C292BD8DB8F00263A70 /* Worker */ = {
			isa = PBXGroup;
			children = (
				672C7C2A2BD8DD2700263A70 /* InterestsView.swift */,
				672C7C2C2BD8E09800263A70 /* Intereses.swift */,
			);
			path = Worker;
			sourceTree = "<group>";
		};
		673A1F762BD893C900717520 /* Authentication */ = {
			isa = PBXGroup;
			children = (
				673A1F912BD8967900717520 /* AllUsersViewModel.swift */,
				673A1F772BD893DB00717520 /* AuthenticationView.swift */,
				673A1F8F2BD8964B00717520 /* UserManager.swift */,
				673A1F8D2BD8961300717520 /* Utilities.swift */,
				673A1F812BD8951300717520 /* SignInEmailView.swift */,
				673A1F832BD8951F00717520 /* LogInEmail.swift */,
				673A1F852BD8953E00717520 /* AuthenticationManager.swift */,
				673A1F872BD8957B00717520 /* AuthenticationViewModel.swift */,
				673A1F892BD895CF00717520 /* SignInAppleHelper.swift */,
				673A1F8B2BD895F600717520 /* SignInGoogle.swift */,
			);
			path = Authentication;
			sourceTree = "<group>";
		};
		673A1F972BD89CD800717520 /* Empleador */ = {
			isa = PBXGroup;
			children = (
				673A1FA72BD8ADEB00717520 /* AddInfoViewModel.swift */,
			);
			path = Empleador;
			sourceTree = "<group>";
		};
		673A1FA02BD89E4C00717520 /* Settings */ = {
			isa = PBXGroup;
			children = (
				673A1FA12BD89E5F00717520 /* SettingsViewModel.swift */,
				673A1FA32BD89E8300717520 /* SettingsView.swift */,
			);
			path = Settings;
			sourceTree = "<group>";
		};
		673A1FAD2BD8C42100717520 /* StartUpTabView */ = {
			isa = PBXGroup;
			children = (
				673A1FAB2BD8C40600717520 /* StartUpTabView.swift */,
				673A1F982BD89CEB00717520 /* CreateEmpView.swift */,
				673A1F5D2BD8872400717520 /* StartUpView.swift */,
				672C7C292BD8DB8F00263A70 /* Worker */,
			);
			path = StartUpTabView;
			sourceTree = "<group>";
		};
		67AB92152BD884BA00836D55 = {
			isa = PBXGroup;
			children = (
				67AB92202BD884BA00836D55 /* Coppel_Project */,
				67AB92312BD884BE00836D55 /* Coppel_ProjectTests */,
				67AB923B2BD884BE00836D55 /* Coppel_ProjectUITests */,
				67AB921F2BD884BA00836D55 /* Products */,
			);
			sourceTree = "<group>";
		};
		67AB921F2BD884BA00836D55 /* Products */ = {
			isa = PBXGroup;
			children = (
				67AB921E2BD884BA00836D55 /* Coppel_Project.app */,
				67AB922E2BD884BE00836D55 /* Coppel_ProjectTests.xctest */,
				67AB92382BD884BE00836D55 /* Coppel_ProjectUITests.xctest */,
			);
			name = Products;
			sourceTree = "<group>";
		};
		67AB92202BD884BA00836D55 /* Coppel_Project */ = {
			isa = PBXGroup;
			children = (
				673A1F952BD8999300717520 /* GoogleService-Info.plist */,
				67AB92212BD884BA00836D55 /* Coppel_ProjectApp.swift */,
				673A1F972BD89CD800717520 /* Empleador */,
				673A1F9E2BD89DC000717520 /* RootView.swift */,
				673A1F9C2BD89D5900717520 /* HomeView.swift */,
				673A1FA52BD8A99600717520 /* HomeScreenView.swift */,
				673A1FA92BD8BD7E00717520 /* FormularioTarjeta.swift */,
				673A1FAD2BD8C42100717520 /* StartUpTabView */,
				673A1FA02BD89E4C00717520 /* Settings */,
				673A1F762BD893C900717520 /* Authentication */,
				BC6EA0CB2BD88A8A006826E3 /* Componentes */,
				67AB92232BD884BA00836D55 /* ContentView.swift */,
				67AB92252BD884BE00836D55 /* Assets.xcassets */,
				67AB92272BD884BE00836D55 /* Preview Content */,
			);
			path = Coppel_Project;
			sourceTree = "<group>";
		};
		67AB92272BD884BE00836D55 /* Preview Content */ = {
			isa = PBXGroup;
			children = (
				67AB92282BD884BE00836D55 /* Preview Assets.xcassets */,
			);
			path = "Preview Content";
			sourceTree = "<group>";
		};
		67AB92312BD884BE00836D55 /* Coppel_ProjectTests */ = {
			isa = PBXGroup;
			children = (
				67AB92322BD884BE00836D55 /* Coppel_ProjectTests.swift */,
			);
			path = Coppel_ProjectTests;
			sourceTree = "<group>";
		};
		67AB923B2BD884BE00836D55 /* Coppel_ProjectUITests */ = {
			isa = PBXGroup;
			children = (
				67AB923C2BD884BE00836D55 /* Coppel_ProjectUITests.swift */,
				67AB923E2BD884BE00836D55 /* Coppel_ProjectUITestsLaunchTests.swift */,
			);
			path = Coppel_ProjectUITests;
			sourceTree = "<group>";
		};
		BC6EA0CB2BD88A8A006826E3 /* Componentes */ = {
			isa = PBXGroup;
			children = (
				673A1F652BD88D6300717520 /* InputTextView.swift */,
				673A1F9A2BD89D1600717520 /* UpperInputTextView.swift */,
			);
			path = Componentes;
			sourceTree = "<group>";
		};
/* End PBXGroup section */

/* Begin PBXNativeTarget section */
		67AB921D2BD884BA00836D55 /* Coppel_Project */ = {
			isa = PBXNativeTarget;
			buildConfigurationList = 67AB92422BD884BE00836D55 /* Build configuration list for PBXNativeTarget "Coppel_Project" */;
			buildPhases = (
				67AB921A2BD884BA00836D55 /* Sources */,
				67AB921B2BD884BA00836D55 /* Frameworks */,
				67AB921C2BD884BA00836D55 /* Resources */,
			);
			buildRules = (
			);
			dependencies = (
			);
			name = Coppel_Project;
			packageProductDependencies = (
				673A1F682BD8921D00717520 /* FirebaseAnalytics */,
				673A1F6A2BD8921D00717520 /* FirebaseAnalyticsSwift */,
				673A1F6C2BD8921D00717520 /* FirebaseAuth */,
				673A1F6E2BD8921D00717520 /* FirebaseFirestore */,
				673A1F702BD8921D00717520 /* FirebaseFirestoreSwift */,
				673A1F722BD8921D00717520 /* FirebaseStorage */,
				673A1F742BD8921D00717520 /* FirebaseStorageCombine-Community */,
				673A1F7D2BD894DD00717520 /* GoogleSignIn */,
				673A1F7F2BD894DD00717520 /* GoogleSignInSwift */,
			);
			productName = Coppel_Project;
			productReference = 67AB921E2BD884BA00836D55 /* Coppel_Project.app */;
			productType = "com.apple.product-type.application";
		};
		67AB922D2BD884BE00836D55 /* Coppel_ProjectTests */ = {
			isa = PBXNativeTarget;
			buildConfigurationList = 67AB92452BD884BE00836D55 /* Build configuration list for PBXNativeTarget "Coppel_ProjectTests" */;
			buildPhases = (
				67AB922A2BD884BE00836D55 /* Sources */,
				67AB922B2BD884BE00836D55 /* Frameworks */,
				67AB922C2BD884BE00836D55 /* Resources */,
			);
			buildRules = (
			);
			dependencies = (
				67AB92302BD884BE00836D55 /* PBXTargetDependency */,
			);
			name = Coppel_ProjectTests;
			productName = Coppel_ProjectTests;
			productReference = 67AB922E2BD884BE00836D55 /* Coppel_ProjectTests.xctest */;
			productType = "com.apple.product-type.bundle.unit-test";
		};
		67AB92372BD884BE00836D55 /* Coppel_ProjectUITests */ = {
			isa = PBXNativeTarget;
			buildConfigurationList = 67AB92482BD884BE00836D55 /* Build configuration list for PBXNativeTarget "Coppel_ProjectUITests" */;
			buildPhases = (
				67AB92342BD884BE00836D55 /* Sources */,
				67AB92352BD884BE00836D55 /* Frameworks */,
				67AB92362BD884BE00836D55 /* Resources */,
			);
			buildRules = (
			);
			dependencies = (
				67AB923A2BD884BE00836D55 /* PBXTargetDependency */,
			);
			name = Coppel_ProjectUITests;
			productName = Coppel_ProjectUITests;
			productReference = 67AB92382BD884BE00836D55 /* Coppel_ProjectUITests.xctest */;
			productType = "com.apple.product-type.bundle.ui-testing";
		};
/* End PBXNativeTarget section */

/* Begin PBXProject section */
		67AB92162BD884BA00836D55 /* Project object */ = {
			isa = PBXProject;
			attributes = {
				BuildIndependentTargetsInParallel = 1;
				LastSwiftUpdateCheck = 1520;
				LastUpgradeCheck = 1520;
				TargetAttributes = {
					67AB921D2BD884BA00836D55 = {
						CreatedOnToolsVersion = 15.2;
					};
					67AB922D2BD884BE00836D55 = {
						CreatedOnToolsVersion = 15.2;
						TestTargetID = 67AB921D2BD884BA00836D55;
					};
					67AB92372BD884BE00836D55 = {
						CreatedOnToolsVersion = 15.2;
						TestTargetID = 67AB921D2BD884BA00836D55;
					};
				};
			};
			buildConfigurationList = 67AB92192BD884BA00836D55 /* Build configuration list for PBXProject "Coppel_Project" */;
			compatibilityVersion = "Xcode 14.0";
			developmentRegion = en;
			hasScannedForEncodings = 0;
			knownRegions = (
				en,
				Base,
			);
			mainGroup = 67AB92152BD884BA00836D55;
			packageReferences = (
				673A1F672BD8921D00717520 /* XCRemoteSwiftPackageReference "firebase-ios-sdk" */,
				673A1F7C2BD894DD00717520 /* XCRemoteSwiftPackageReference "GoogleSignIn-iOS" */,
			);
			productRefGroup = 67AB921F2BD884BA00836D55 /* Products */;
			projectDirPath = "";
			projectRoot = "";
			targets = (
				67AB921D2BD884BA00836D55 /* Coppel_Project */,
				67AB922D2BD884BE00836D55 /* Coppel_ProjectTests */,
				67AB92372BD884BE00836D55 /* Coppel_ProjectUITests */,
			);
		};
/* End PBXProject section */

/* Begin PBXResourcesBuildPhase section */
		67AB921C2BD884BA00836D55 /* Resources */ = {
			isa = PBXResourcesBuildPhase;
			buildActionMask = 2147483647;
			files = (
				67AB92292BD884BE00836D55 /* Preview Assets.xcassets in Resources */,
				673A1F962BD8999300717520 /* GoogleService-Info.plist in Resources */,
				67AB92262BD884BE00836D55 /* Assets.xcassets in Resources */,
			);
			runOnlyForDeploymentPostprocessing = 0;
		};
		67AB922C2BD884BE00836D55 /* Resources */ = {
			isa = PBXResourcesBuildPhase;
			buildActionMask = 2147483647;
			files = (
			);
			runOnlyForDeploymentPostprocessing = 0;
		};
		67AB92362BD884BE00836D55 /* Resources */ = {
			isa = PBXResourcesBuildPhase;
			buildActionMask = 2147483647;
			files = (
			);
			runOnlyForDeploymentPostprocessing = 0;
		};
/* End PBXResourcesBuildPhase section */

/* Begin PBXSourcesBuildPhase section */
		67AB921A2BD884BA00836D55 /* Sources */ = {
			isa = PBXSourcesBuildPhase;
			buildActionMask = 2147483647;
			files = (
				673A1FA42BD89E8300717520 /* SettingsView.swift in Sources */,
				67AB92242BD884BA00836D55 /* ContentView.swift in Sources */,
				673A1F662BD88D6300717520 /* InputTextView.swift in Sources */,
				673A1F902BD8964B00717520 /* UserManager.swift in Sources */,
				673A1F8C2BD895F600717520 /* SignInGoogle.swift in Sources */,
				673A1FAA2BD8BD7E00717520 /* FormularioTarjeta.swift in Sources */,
				673A1F922BD8967900717520 /* AllUsersViewModel.swift in Sources */,
				673A1F782BD893DB00717520 /* AuthenticationView.swift in Sources */,
				673A1FA62BD8A99600717520 /* HomeScreenView.swift in Sources */,
				672C7C2D2BD8E09800263A70 /* Intereses.swift in Sources */,
				673A1F9F2BD89DC000717520 /* RootView.swift in Sources */,
				673A1F8E2BD8961300717520 /* Utilities.swift in Sources */,
				673A1F862BD8953E00717520 /* AuthenticationManager.swift in Sources */,
				673A1F5E2BD8872400717520 /* StartUpView.swift in Sources */,
				673A1F9D2BD89D5900717520 /* HomeView.swift in Sources */,
				673A1F842BD8951F00717520 /* LogInEmail.swift in Sources */,
				673A1F882BD8957B00717520 /* AuthenticationViewModel.swift in Sources */,
				672C7C2B2BD8DD2700263A70 /* InterestsView.swift in Sources */,
				67AB92222BD884BA00836D55 /* Coppel_ProjectApp.swift in Sources */,
				673A1FAC2BD8C40600717520 /* StartUpTabView.swift in Sources */,
				673A1FA22BD89E5F00717520 /* SettingsViewModel.swift in Sources */,
				673A1F9B2BD89D1600717520 /* UpperInputTextView.swift in Sources */,
				673A1F8A2BD895CF00717520 /* SignInAppleHelper.swift in Sources */,
				673A1F822BD8951300717520 /* SignInEmailView.swift in Sources */,
				673A1FA82BD8ADEB00717520 /* AddInfoViewModel.swift in Sources */,
				673A1F992BD89CEB00717520 /* CreateEmpView.swift in Sources */,
			);
			runOnlyForDeploymentPostprocessing = 0;
		};
		67AB922A2BD884BE00836D55 /* Sources */ = {
			isa = PBXSourcesBuildPhase;
			buildActionMask = 2147483647;
			files = (
				67AB92332BD884BE00836D55 /* Coppel_ProjectTests.swift in Sources */,
			);
			runOnlyForDeploymentPostprocessing = 0;
		};
		67AB92342BD884BE00836D55 /* Sources */ = {
			isa = PBXSourcesBuildPhase;
			buildActionMask = 2147483647;
			files = (
				67AB923D2BD884BE00836D55 /* Coppel_ProjectUITests.swift in Sources */,
				67AB923F2BD884BE00836D55 /* Coppel_ProjectUITestsLaunchTests.swift in Sources */,
			);
			runOnlyForDeploymentPostprocessing = 0;
		};
/* End PBXSourcesBuildPhase section */

/* Begin PBXTargetDependency section */
		67AB92302BD884BE00836D55 /* PBXTargetDependency */ = {
			isa = PBXTargetDependency;
			target = 67AB921D2BD884BA00836D55 /* Coppel_Project */;
			targetProxy = 67AB922F2BD884BE00836D55 /* PBXContainerItemProxy */;
		};
		67AB923A2BD884BE00836D55 /* PBXTargetDependency */ = {
			isa = PBXTargetDependency;
			target = 67AB921D2BD884BA00836D55 /* Coppel_Project */;
			targetProxy = 67AB92392BD884BE00836D55 /* PBXContainerItemProxy */;
		};
/* End PBXTargetDependency section */

/* Begin XCBuildConfiguration section */
		67AB92402BD884BE00836D55 /* Debug */ = {
			isa = XCBuildConfiguration;
			buildSettings = {
				ALWAYS_SEARCH_USER_PATHS = NO;
				ASSETCATALOG_COMPILER_GENERATE_SWIFT_ASSET_SYMBOL_EXTENSIONS = YES;
				CLANG_ANALYZER_NONNULL = YES;
				CLANG_ANALYZER_NUMBER_OBJECT_CONVERSION = YES_AGGRESSIVE;
				CLANG_CXX_LANGUAGE_STANDARD = "gnu++20";
				CLANG_ENABLE_MODULES = YES;
				CLANG_ENABLE_OBJC_ARC = YES;
				CLANG_ENABLE_OBJC_WEAK = YES;
				CLANG_WARN_BLOCK_CAPTURE_AUTORELEASING = YES;
				CLANG_WARN_BOOL_CONVERSION = YES;
				CLANG_WARN_COMMA = YES;
				CLANG_WARN_CONSTANT_CONVERSION = YES;
				CLANG_WARN_DEPRECATED_OBJC_IMPLEMENTATIONS = YES;
				CLANG_WARN_DIRECT_OBJC_ISA_USAGE = YES_ERROR;
				CLANG_WARN_DOCUMENTATION_COMMENTS = YES;
				CLANG_WARN_EMPTY_BODY = YES;
				CLANG_WARN_ENUM_CONVERSION = YES;
				CLANG_WARN_INFINITE_RECURSION = YES;
				CLANG_WARN_INT_CONVERSION = YES;
				CLANG_WARN_NON_LITERAL_NULL_CONVERSION = YES;
				CLANG_WARN_OBJC_IMPLICIT_RETAIN_SELF = YES;
				CLANG_WARN_OBJC_LITERAL_CONVERSION = YES;
				CLANG_WARN_OBJC_ROOT_CLASS = YES_ERROR;
				CLANG_WARN_QUOTED_INCLUDE_IN_FRAMEWORK_HEADER = YES;
				CLANG_WARN_RANGE_LOOP_ANALYSIS = YES;
				CLANG_WARN_STRICT_PROTOTYPES = YES;
				CLANG_WARN_SUSPICIOUS_MOVE = YES;
				CLANG_WARN_UNGUARDED_AVAILABILITY = YES_AGGRESSIVE;
				CLANG_WARN_UNREACHABLE_CODE = YES;
				CLANG_WARN__DUPLICATE_METHOD_MATCH = YES;
				COPY_PHASE_STRIP = NO;
				DEBUG_INFORMATION_FORMAT = dwarf;
				ENABLE_STRICT_OBJC_MSGSEND = YES;
				ENABLE_TESTABILITY = YES;
				ENABLE_USER_SCRIPT_SANDBOXING = YES;
				GCC_C_LANGUAGE_STANDARD = gnu17;
				GCC_DYNAMIC_NO_PIC = NO;
				GCC_NO_COMMON_BLOCKS = YES;
				GCC_OPTIMIZATION_LEVEL = 0;
				GCC_PREPROCESSOR_DEFINITIONS = (
					"DEBUG=1",
					"$(inherited)",
				);
				GCC_WARN_64_TO_32_BIT_CONVERSION = YES;
				GCC_WARN_ABOUT_RETURN_TYPE = YES_ERROR;
				GCC_WARN_UNDECLARED_SELECTOR = YES;
				GCC_WARN_UNINITIALIZED_AUTOS = YES_AGGRESSIVE;
				GCC_WARN_UNUSED_FUNCTION = YES;
				GCC_WARN_UNUSED_VARIABLE = YES;
				IPHONEOS_DEPLOYMENT_TARGET = 17.2;
				LOCALIZATION_PREFERS_STRING_CATALOGS = YES;
				MTL_ENABLE_DEBUG_INFO = INCLUDE_SOURCE;
				MTL_FAST_MATH = YES;
				ONLY_ACTIVE_ARCH = YES;
				SDKROOT = iphoneos;
				SWIFT_ACTIVE_COMPILATION_CONDITIONS = "DEBUG $(inherited)";
				SWIFT_OPTIMIZATION_LEVEL = "-Onone";
			};
			name = Debug;
		};
		67AB92412BD884BE00836D55 /* Release */ = {
			isa = XCBuildConfiguration;
			buildSettings = {
				ALWAYS_SEARCH_USER_PATHS = NO;
				ASSETCATALOG_COMPILER_GENERATE_SWIFT_ASSET_SYMBOL_EXTENSIONS = YES;
				CLANG_ANALYZER_NONNULL = YES;
				CLANG_ANALYZER_NUMBER_OBJECT_CONVERSION = YES_AGGRESSIVE;
				CLANG_CXX_LANGUAGE_STANDARD = "gnu++20";
				CLANG_ENABLE_MODULES = YES;
				CLANG_ENABLE_OBJC_ARC = YES;
				CLANG_ENABLE_OBJC_WEAK = YES;
				CLANG_WARN_BLOCK_CAPTURE_AUTORELEASING = YES;
				CLANG_WARN_BOOL_CONVERSION = YES;
				CLANG_WARN_COMMA = YES;
				CLANG_WARN_CONSTANT_CONVERSION = YES;
				CLANG_WARN_DEPRECATED_OBJC_IMPLEMENTATIONS = YES;
				CLANG_WARN_DIRECT_OBJC_ISA_USAGE = YES_ERROR;
				CLANG_WARN_DOCUMENTATION_COMMENTS = YES;
				CLANG_WARN_EMPTY_BODY = YES;
				CLANG_WARN_ENUM_CONVERSION = YES;
				CLANG_WARN_INFINITE_RECURSION = YES;
				CLANG_WARN_INT_CONVERSION = YES;
				CLANG_WARN_NON_LITERAL_NULL_CONVERSION = YES;
				CLANG_WARN_OBJC_IMPLICIT_RETAIN_SELF = YES;
				CLANG_WARN_OBJC_LITERAL_CONVERSION = YES;
				CLANG_WARN_OBJC_ROOT_CLASS = YES_ERROR;
				CLANG_WARN_QUOTED_INCLUDE_IN_FRAMEWORK_HEADER = YES;
				CLANG_WARN_RANGE_LOOP_ANALYSIS = YES;
				CLANG_WARN_STRICT_PROTOTYPES = YES;
				CLANG_WARN_SUSPICIOUS_MOVE = YES;
				CLANG_WARN_UNGUARDED_AVAILABILITY = YES_AGGRESSIVE;
				CLANG_WARN_UNREACHABLE_CODE = YES;
				CLANG_WARN__DUPLICATE_METHOD_MATCH = YES;
				COPY_PHASE_STRIP = NO;
				DEBUG_INFORMATION_FORMAT = "dwarf-with-dsym";
				ENABLE_NS_ASSERTIONS = NO;
				ENABLE_STRICT_OBJC_MSGSEND = YES;
				ENABLE_USER_SCRIPT_SANDBOXING = YES;
				GCC_C_LANGUAGE_STANDARD = gnu17;
				GCC_NO_COMMON_BLOCKS = YES;
				GCC_WARN_64_TO_32_BIT_CONVERSION = YES;
				GCC_WARN_ABOUT_RETURN_TYPE = YES_ERROR;
				GCC_WARN_UNDECLARED_SELECTOR = YES;
				GCC_WARN_UNINITIALIZED_AUTOS = YES_AGGRESSIVE;
				GCC_WARN_UNUSED_FUNCTION = YES;
				GCC_WARN_UNUSED_VARIABLE = YES;
				IPHONEOS_DEPLOYMENT_TARGET = 17.2;
				LOCALIZATION_PREFERS_STRING_CATALOGS = YES;
				MTL_ENABLE_DEBUG_INFO = NO;
				MTL_FAST_MATH = YES;
				SDKROOT = iphoneos;
				SWIFT_COMPILATION_MODE = wholemodule;
				VALIDATE_PRODUCT = YES;
			};
			name = Release;
		};
		67AB92432BD884BE00836D55 /* Debug */ = {
			isa = XCBuildConfiguration;
			buildSettings = {
				ASSETCATALOG_COMPILER_APPICON_NAME = AppIcon;
				ASSETCATALOG_COMPILER_GLOBAL_ACCENT_COLOR_NAME = AccentColor;
				CODE_SIGN_STYLE = Automatic;
				CURRENT_PROJECT_VERSION = 1;
				DEVELOPMENT_ASSET_PATHS = "\"Coppel_Project/Preview Content\"";
				DEVELOPMENT_TEAM = F9V9M28QC4;
				ENABLE_PREVIEWS = YES;
				GENERATE_INFOPLIST_FILE = YES;
				INFOPLIST_FILE = "Coppel-Project-Info.plist";
				INFOPLIST_KEY_UIApplicationSceneManifest_Generation = YES;
				INFOPLIST_KEY_UIApplicationSupportsIndirectInputEvents = YES;
				INFOPLIST_KEY_UILaunchScreen_Generation = YES;
				INFOPLIST_KEY_UISupportedInterfaceOrientations_iPad = "UIInterfaceOrientationPortrait UIInterfaceOrientationPortraitUpsideDown UIInterfaceOrientationLandscapeLeft UIInterfaceOrientationLandscapeRight";
				INFOPLIST_KEY_UISupportedInterfaceOrientations_iPhone = "UIInterfaceOrientationPortrait UIInterfaceOrientationLandscapeLeft UIInterfaceOrientationLandscapeRight";
				LD_RUNPATH_SEARCH_PATHS = (
					"$(inherited)",
					"@executable_path/Frameworks",
				);
				MARKETING_VERSION = 1.0;
				PRODUCT_BUNDLE_IDENTIFIER = "Cabral.Coppel-Project";
				PRODUCT_NAME = "$(TARGET_NAME)";
				SWIFT_EMIT_LOC_STRINGS = YES;
				SWIFT_VERSION = 5.0;
				TARGETED_DEVICE_FAMILY = "1,2";
			};
			name = Debug;
		};
		67AB92442BD884BE00836D55 /* Release */ = {
			isa = XCBuildConfiguration;
			buildSettings = {
				ASSETCATALOG_COMPILER_APPICON_NAME = AppIcon;
				ASSETCATALOG_COMPILER_GLOBAL_ACCENT_COLOR_NAME = AccentColor;
				CODE_SIGN_STYLE = Automatic;
				CURRENT_PROJECT_VERSION = 1;
				DEVELOPMENT_ASSET_PATHS = "\"Coppel_Project/Preview Content\"";
				DEVELOPMENT_TEAM = F9V9M28QC4;
				ENABLE_PREVIEWS = YES;
				GENERATE_INFOPLIST_FILE = YES;
				INFOPLIST_FILE = "Coppel-Project-Info.plist";
				INFOPLIST_KEY_UIApplicationSceneManifest_Generation = YES;
				INFOPLIST_KEY_UIApplicationSupportsIndirectInputEvents = YES;
				INFOPLIST_KEY_UILaunchScreen_Generation = YES;
				INFOPLIST_KEY_UISupportedInterfaceOrientations_iPad = "UIInterfaceOrientationPortrait UIInterfaceOrientationPortraitUpsideDown UIInterfaceOrientationLandscapeLeft UIInterfaceOrientationLandscapeRight";
				INFOPLIST_KEY_UISupportedInterfaceOrientations_iPhone = "UIInterfaceOrientationPortrait UIInterfaceOrientationLandscapeLeft UIInterfaceOrientationLandscapeRight";
				LD_RUNPATH_SEARCH_PATHS = (
					"$(inherited)",
					"@executable_path/Frameworks",
				);
				MARKETING_VERSION = 1.0;
				PRODUCT_BUNDLE_IDENTIFIER = "Cabral.Coppel-Project";
				PRODUCT_NAME = "$(TARGET_NAME)";
				SWIFT_EMIT_LOC_STRINGS = YES;
				SWIFT_VERSION = 5.0;
				TARGETED_DEVICE_FAMILY = "1,2";
			};
			name = Release;
		};
		67AB92462BD884BE00836D55 /* Debug */ = {
			isa = XCBuildConfiguration;
			buildSettings = {
				ALWAYS_EMBED_SWIFT_STANDARD_LIBRARIES = YES;
				BUNDLE_LOADER = "$(TEST_HOST)";
				CODE_SIGN_STYLE = Automatic;
				CURRENT_PROJECT_VERSION = 1;
				GENERATE_INFOPLIST_FILE = YES;
				IPHONEOS_DEPLOYMENT_TARGET = 17.2;
				MARKETING_VERSION = 1.0;
				PRODUCT_BUNDLE_IDENTIFIER = "Cabral.Coppel-ProjectTests";
				PRODUCT_NAME = "$(TARGET_NAME)";
				SWIFT_EMIT_LOC_STRINGS = NO;
				SWIFT_VERSION = 5.0;
				TARGETED_DEVICE_FAMILY = "1,2";
				TEST_HOST = "$(BUILT_PRODUCTS_DIR)/Coppel_Project.app/$(BUNDLE_EXECUTABLE_FOLDER_PATH)/Coppel_Project";
			};
			name = Debug;
		};
		67AB92472BD884BE00836D55 /* Release */ = {
			isa = XCBuildConfiguration;
			buildSettings = {
				ALWAYS_EMBED_SWIFT_STANDARD_LIBRARIES = YES;
				BUNDLE_LOADER = "$(TEST_HOST)";
				CODE_SIGN_STYLE = Automatic;
				CURRENT_PROJECT_VERSION = 1;
				GENERATE_INFOPLIST_FILE = YES;
				IPHONEOS_DEPLOYMENT_TARGET = 17.2;
				MARKETING_VERSION = 1.0;
				PRODUCT_BUNDLE_IDENTIFIER = "Cabral.Coppel-ProjectTests";
				PRODUCT_NAME = "$(TARGET_NAME)";
				SWIFT_EMIT_LOC_STRINGS = NO;
				SWIFT_VERSION = 5.0;
				TARGETED_DEVICE_FAMILY = "1,2";
				TEST_HOST = "$(BUILT_PRODUCTS_DIR)/Coppel_Project.app/$(BUNDLE_EXECUTABLE_FOLDER_PATH)/Coppel_Project";
			};
			name = Release;
		};
		67AB92492BD884BE00836D55 /* Debug */ = {
			isa = XCBuildConfiguration;
			buildSettings = {
				ALWAYS_EMBED_SWIFT_STANDARD_LIBRARIES = YES;
				CODE_SIGN_STYLE = Automatic;
				CURRENT_PROJECT_VERSION = 1;
				GENERATE_INFOPLIST_FILE = YES;
				MARKETING_VERSION = 1.0;
				PRODUCT_BUNDLE_IDENTIFIER = "Cabral.Coppel-ProjectUITests";
				PRODUCT_NAME = "$(TARGET_NAME)";
				SWIFT_EMIT_LOC_STRINGS = NO;
				SWIFT_VERSION = 5.0;
				TARGETED_DEVICE_FAMILY = "1,2";
				TEST_TARGET_NAME = Coppel_Project;
			};
			name = Debug;
		};
		67AB924A2BD884BE00836D55 /* Release */ = {
			isa = XCBuildConfiguration;
			buildSettings = {
				ALWAYS_EMBED_SWIFT_STANDARD_LIBRARIES = YES;
				CODE_SIGN_STYLE = Automatic;
				CURRENT_PROJECT_VERSION = 1;
				GENERATE_INFOPLIST_FILE = YES;
				MARKETING_VERSION = 1.0;
				PRODUCT_BUNDLE_IDENTIFIER = "Cabral.Coppel-ProjectUITests";
				PRODUCT_NAME = "$(TARGET_NAME)";
				SWIFT_EMIT_LOC_STRINGS = NO;
				SWIFT_VERSION = 5.0;
				TARGETED_DEVICE_FAMILY = "1,2";
				TEST_TARGET_NAME = Coppel_Project;
			};
			name = Release;
		};
/* End XCBuildConfiguration section */

/* Begin XCConfigurationList section */
		67AB92192BD884BA00836D55 /* Build configuration list for PBXProject "Coppel_Project" */ = {
			isa = XCConfigurationList;
			buildConfigurations = (
				67AB92402BD884BE00836D55 /* Debug */,
				67AB92412BD884BE00836D55 /* Release */,
			);
			defaultConfigurationIsVisible = 0;
			defaultConfigurationName = Release;
		};
		67AB92422BD884BE00836D55 /* Build configuration list for PBXNativeTarget "Coppel_Project" */ = {
			isa = XCConfigurationList;
			buildConfigurations = (
				67AB92432BD884BE00836D55 /* Debug */,
				67AB92442BD884BE00836D55 /* Release */,
			);
			defaultConfigurationIsVisible = 0;
			defaultConfigurationName = Release;
		};
		67AB92452BD884BE00836D55 /* Build configuration list for PBXNativeTarget "Coppel_ProjectTests" */ = {
			isa = XCConfigurationList;
			buildConfigurations = (
				67AB92462BD884BE00836D55 /* Debug */,
				67AB92472BD884BE00836D55 /* Release */,
			);
			defaultConfigurationIsVisible = 0;
			defaultConfigurationName = Release;
		};
		67AB92482BD884BE00836D55 /* Build configuration list for PBXNativeTarget "Coppel_ProjectUITests" */ = {
			isa = XCConfigurationList;
			buildConfigurations = (
				67AB92492BD884BE00836D55 /* Debug */,
				67AB924A2BD884BE00836D55 /* Release */,
			);
			defaultConfigurationIsVisible = 0;
			defaultConfigurationName = Release;
		};
/* End XCConfigurationList section */

/* Begin XCRemoteSwiftPackageReference section */
		673A1F672BD8921D00717520 /* XCRemoteSwiftPackageReference "firebase-ios-sdk" */ = {
			isa = XCRemoteSwiftPackageReference;
			repositoryURL = "https://github.com/firebase/firebase-ios-sdk.git";
			requirement = {
				kind = upToNextMajorVersion;
				minimumVersion = 10.24.0;
			};
		};
		673A1F7C2BD894DD00717520 /* XCRemoteSwiftPackageReference "GoogleSignIn-iOS" */ = {
			isa = XCRemoteSwiftPackageReference;
			repositoryURL = "https://github.com/google/GoogleSignIn-iOS.git";
			requirement = {
				kind = upToNextMajorVersion;
				minimumVersion = 7.1.0;
			};
		};
/* End XCRemoteSwiftPackageReference section */

/* Begin XCSwiftPackageProductDependency section */
		673A1F682BD8921D00717520 /* FirebaseAnalytics */ = {
			isa = XCSwiftPackageProductDependency;
			package = 673A1F672BD8921D00717520 /* XCRemoteSwiftPackageReference "firebase-ios-sdk" */;
			productName = FirebaseAnalytics;
		};
		673A1F6A2BD8921D00717520 /* FirebaseAnalyticsSwift */ = {
			isa = XCSwiftPackageProductDependency;
			package = 673A1F672BD8921D00717520 /* XCRemoteSwiftPackageReference "firebase-ios-sdk" */;
			productName = FirebaseAnalyticsSwift;
		};
		673A1F6C2BD8921D00717520 /* FirebaseAuth */ = {
			isa = XCSwiftPackageProductDependency;
			package = 673A1F672BD8921D00717520 /* XCRemoteSwiftPackageReference "firebase-ios-sdk" */;
			productName = FirebaseAuth;
		};
		673A1F6E2BD8921D00717520 /* FirebaseFirestore */ = {
			isa = XCSwiftPackageProductDependency;
			package = 673A1F672BD8921D00717520 /* XCRemoteSwiftPackageReference "firebase-ios-sdk" */;
			productName = FirebaseFirestore;
		};
		673A1F702BD8921D00717520 /* FirebaseFirestoreSwift */ = {
			isa = XCSwiftPackageProductDependency;
			package = 673A1F672BD8921D00717520 /* XCRemoteSwiftPackageReference "firebase-ios-sdk" */;
			productName = FirebaseFirestoreSwift;
		};
		673A1F722BD8921D00717520 /* FirebaseStorage */ = {
			isa = XCSwiftPackageProductDependency;
			package = 673A1F672BD8921D00717520 /* XCRemoteSwiftPackageReference "firebase-ios-sdk" */;
			productName = FirebaseStorage;
		};
		673A1F742BD8921D00717520 /* FirebaseStorageCombine-Community */ = {
			isa = XCSwiftPackageProductDependency;
			package = 673A1F672BD8921D00717520 /* XCRemoteSwiftPackageReference "firebase-ios-sdk" */;
			productName = "FirebaseStorageCombine-Community";
		};
		673A1F7D2BD894DD00717520 /* GoogleSignIn */ = {
			isa = XCSwiftPackageProductDependency;
			package = 673A1F7C2BD894DD00717520 /* XCRemoteSwiftPackageReference "GoogleSignIn-iOS" */;
			productName = GoogleSignIn;
		};
		673A1F7F2BD894DD00717520 /* GoogleSignInSwift */ = {
			isa = XCSwiftPackageProductDependency;
			package = 673A1F7C2BD894DD00717520 /* XCRemoteSwiftPackageReference "GoogleSignIn-iOS" */;
			productName = GoogleSignInSwift;
		};
/* End XCSwiftPackageProductDependency section */
	};
	rootObject = 67AB92162BD884BA00836D55 /* Project object */;
}
